
Microsoft Visual Studio Solution File, Format Version 12.00
# Visual Studio Version 16
VisualStudioVersion = 16.0.31729.503
MinimumVisualStudioVersion = 10.0.40219.1
Project("{FAE04EC0-301F-11D3-BF4B-00C04F79EFBC}") = "Primer", "Primer\Primer.csproj", "{55EB9376-1195-4F37-9695-D1F482623A90}"
EndProject
Global
	GlobalSection(SolutionConfigurationPlatforms) = preSolution
		Debug|Any CPU = Debug|Any CPU
		Release|Any CPU = Release|Any CPU
	EndGlobalSection
	GlobalSection(ProjectConfigurationPlatforms) = postSolution
		{55EB9376-1195-4F37-9695-D1F482623A90}.Debug|Any CPU.ActiveCfg = Debug|Any CPU
		{55EB9376-1195-4F37-9695-D1F482623A90}.Debug|Any CPU.Build.0 = Debug|Any CPU
		{55EB9376-1195-4F37-9695-D1F482623A90}.Release|Any CPU.ActiveCfg = Release|Any CPU
		{55EB9376-1195-4F37-9695-D1F482623A90}.Release|Any CPU.Build.0 = Release|Any CPU
	EndGlobalSection
	GlobalSection(SolutionProperties) = preSolution
		HideSolutionNode = FALSE
	EndGlobalSection
	GlobalSection(ExtensibilityGlobals) = postSolution
		SolutionGuid = {315890BA-834B-4133-8CDF-8B68E9A90FD2}
	EndGlobalSection
EndGlobal
